# Generated by buf. DO NOT EDIT.
version: v1
deps:
  - remote: buf.build
    owner: streamingfast
    repository: firehose-gear
    commit: 5eb3cd2c66a540a19505476f405cd5fa
    digest: shake256:bb98930530b19cfb6e6a91ec196e4abcc17717e1016b67202f7275c790c064dc63b5496fa99d492119e02421f8473eec72f46dc7e18d6e7caa79f863b10fc2a2
  - remote: buf.build
    owner: streamingfast
    repository: substreams
    commit: ce84563cf22e4befa55edf53f61af055
    digest: shake256:09af59d53626d932d4960525e37559df71ddc7b4f95b98a4320ef742405217219b8d71c9c11541a1a4b0054cabe15fa2ab8fcb8b781435bab8c65e20d25c1090
