# Generated by buf. DO NOT EDIT.
version: v1
deps:
  - remote: buf.build
    owner: streamingfast
    repository: firehose-starknet
    commit: 591503374342443eb9a98cd3883b6ca9
    digest: shake256:21d3702cd6b3be350a1c25d57b66e669caf67dbd49dd205f4b0669d5055ca35a4c95235a05bc1d7175780149f8ad7f164153b446cdc004769d81697b19a72fb7
  - remote: buf.build
    owner: streamingfast
    repository: substreams
    commit: ce84563cf22e4befa55edf53f61af055
    digest: shake256:09af59d53626d932d4960525e37559df71ddc7b4f95b98a4320ef742405217219b8d71c9c11541a1a4b0054cabe15fa2ab8fcb8b781435bab8c65e20d25c1090
